{
  "name": "WearNSlay",
  "version": "1.0.0",
  "lockfileVersion": 2,
  "requires": true,
  "packages": {
    "": {
      "name": "WearNSlay",
      "version": "1.0.0",
      "license": "ISC",
      "dependencies": {
        "reflex-grid": "^2.0.7"
      }
    },
    "node_modules/reflex-grid": {
      "version": "2.0.7",
      "resolved": "https://registry.npmjs.org/reflex-grid/-/reflex-grid-2.0.7.tgz",
      "integrity": "sha512-me+LYQbfKIFWuEOU0JWXpo8AOx7XfF+NL2Vz6wQorAwEiN42Uf7yjy63gk+H25a2+cdmWC9icjqhcXso3N/F9g=="
    }
  },
  "dependencies": {
    "reflex-grid": {
      "version": "2.0.7",
      "resolved": "https://registry.npmjs.org/reflex-grid/-/reflex-grid-2.0.7.tgz",
      "integrity": "sha512-me+LYQbfKIFWuEOU0JWXpo8AOx7XfF+NL2Vz6wQorAwEiN42Uf7yjy63gk+H25a2+cdmWC9icjqhcXso3N/F9g=="
    }
  }
}
